
Microsoft Visual Studio Solution File, Format Version 12.00
# Visual Studio Version 16
VisualStudioVersion = 16.0.29209.62
MinimumVisualStudioVersion = 10.0.40219.1
Project("{FAE04EC0-301F-11D3-BF4B-00C04F79EFBC}") = "QuoteService", "QuoteService\QuoteService.csproj", "{422AB4C9-18BD-4C63-BA19-6B51C52DE870}"
EndProject
Project("{FAE04EC0-301F-11D3-BF4B-00C04F79EFBC}") = "SKAPI", "SKAPI\SKAPI.csproj", "{7218EAA0-86EB-4557-A492-F68DE674B0C1}"
EndProject
Project("{2150E333-8FDC-42A3-9474-1A3956D46DE8}") = "Solution Items", "Solution Items", "{A5C7FF35-D640-4F2D-875F-FF3ADE0484AD}"
	ProjectSection(SolutionItems) = preProject
		.gitlab-ci.yml = .gitlab-ci.yml
		gitlab-cd.ps1 = gitlab-cd.ps1
		unit-test.ps1 = unit-test.ps1
	EndProjectSection
EndProject
Project("{FAE04EC0-301F-11D3-BF4B-00C04F79EFBC}") = "QuoteService.FCMAPI", "QuoteService.FCMAPI\QuoteService.FCMAPI.csproj", "{C068B274-2F8E-450C-A075-AB629B51D6B1}"
EndProject
Project("{FAE04EC0-301F-11D3-BF4B-00C04F79EFBC}") = "QuoteService.QuoteData", "QuoteService.QuoteData\QuoteService.QuoteData.csproj", "{ECF482F1-4901-4293-AA53-8763B3214C03}"
EndProject
Project("{FAE04EC0-301F-11D3-BF4B-00C04F79EFBC}") = "QuoteService.Quote", "QuoteService.Quote\QuoteService.Quote.csproj", "{2BBADC9A-E457-4478-B8B9-E82368E8D7B4}"
EndProject
Project("{FAE04EC0-301F-11D3-BF4B-00C04F79EFBC}") = "QuoteService.Queue", "QuoteService.Queue\QuoteService.Queue.csproj", "{B2FC3DE2-753B-4381-A9A5-A582607B7627}"
EndProject
Project("{FAE04EC0-301F-11D3-BF4B-00C04F79EFBC}") = "QuoteService.gRPC", "QuoteService.gRPC\QuoteService.gRPC.csproj", "{D85F8AB3-C0DA-40F6-9990-9ECEB9255C3D}"
EndProject
Project("{FAE04EC0-301F-11D3-BF4B-00C04F79EFBC}") = "QuoteService.Schedule", "QuoteService.Schedulle\QuoteService.Schedule.csproj", "{9E2F0D77-6806-4D61-9325-B552E4C85776}"
EndProject
Project("{2150E333-8FDC-42A3-9474-1A3956D46DE8}") = "Test", "Test", "{51D91511-60F5-45E9-A97D-0034873D1F8A}"
EndProject
Project("{FAE04EC0-301F-11D3-BF4B-00C04F79EFBC}") = "QuoteService.Schedule.Tests", "Tests\QuoteService.Schedule.Tests\QuoteService.Schedule.Tests.csproj", "{E2CFBDC5-4B15-4905-A987-469A70D97BB8}"
EndProject
Project("{FAE04EC0-301F-11D3-BF4B-00C04F79EFBC}") = "SKAPI.Tests", "Tests\SKAPI.Tests\SKAPI.Tests.csproj", "{9E07CC1A-3437-45FE-ACC0-211BBF881A8A}"
EndProject
Global
	GlobalSection(SolutionConfigurationPlatforms) = preSolution
		Debug|Any CPU = Debug|Any CPU
		Release|Any CPU = Release|Any CPU
	EndGlobalSection
	GlobalSection(ProjectConfigurationPlatforms) = postSolution
		{422AB4C9-18BD-4C63-BA19-6B51C52DE870}.Debug|Any CPU.ActiveCfg = Debug|Any CPU
		{422AB4C9-18BD-4C63-BA19-6B51C52DE870}.Debug|Any CPU.Build.0 = Debug|Any CPU
		{422AB4C9-18BD-4C63-BA19-6B51C52DE870}.Release|Any CPU.ActiveCfg = Release|Any CPU
		{422AB4C9-18BD-4C63-BA19-6B51C52DE870}.Release|Any CPU.Build.0 = Release|Any CPU
		{7218EAA0-86EB-4557-A492-F68DE674B0C1}.Debug|Any CPU.ActiveCfg = Debug|Any CPU
		{7218EAA0-86EB-4557-A492-F68DE674B0C1}.Debug|Any CPU.Build.0 = Debug|Any CPU
		{7218EAA0-86EB-4557-A492-F68DE674B0C1}.Release|Any CPU.ActiveCfg = Release|Any CPU
		{7218EAA0-86EB-4557-A492-F68DE674B0C1}.Release|Any CPU.Build.0 = Release|Any CPU
		{C068B274-2F8E-450C-A075-AB629B51D6B1}.Debug|Any CPU.ActiveCfg = Debug|Any CPU
		{C068B274-2F8E-450C-A075-AB629B51D6B1}.Debug|Any CPU.Build.0 = Debug|Any CPU
		{C068B274-2F8E-450C-A075-AB629B51D6B1}.Release|Any CPU.ActiveCfg = Release|Any CPU
		{C068B274-2F8E-450C-A075-AB629B51D6B1}.Release|Any CPU.Build.0 = Release|Any CPU
		{ECF482F1-4901-4293-AA53-8763B3214C03}.Debug|Any CPU.ActiveCfg = Debug|Any CPU
		{ECF482F1-4901-4293-AA53-8763B3214C03}.Debug|Any CPU.Build.0 = Debug|Any CPU
		{ECF482F1-4901-4293-AA53-8763B3214C03}.Release|Any CPU.ActiveCfg = Release|Any CPU
		{ECF482F1-4901-4293-AA53-8763B3214C03}.Release|Any CPU.Build.0 = Release|Any CPU
		{2BBADC9A-E457-4478-B8B9-E82368E8D7B4}.Debug|Any CPU.ActiveCfg = Debug|Any CPU
		{2BBADC9A-E457-4478-B8B9-E82368E8D7B4}.Debug|Any CPU.Build.0 = Debug|Any CPU
		{2BBADC9A-E457-4478-B8B9-E82368E8D7B4}.Release|Any CPU.ActiveCfg = Release|Any CPU
		{2BBADC9A-E457-4478-B8B9-E82368E8D7B4}.Release|Any CPU.Build.0 = Release|Any CPU
		{B2FC3DE2-753B-4381-A9A5-A582607B7627}.Debug|Any CPU.ActiveCfg = Debug|Any CPU
		{B2FC3DE2-753B-4381-A9A5-A582607B7627}.Debug|Any CPU.Build.0 = Debug|Any CPU
		{B2FC3DE2-753B-4381-A9A5-A582607B7627}.Release|Any CPU.ActiveCfg = Release|Any CPU
		{B2FC3DE2-753B-4381-A9A5-A582607B7627}.Release|Any CPU.Build.0 = Release|Any CPU
		{D85F8AB3-C0DA-40F6-9990-9ECEB9255C3D}.Debug|Any CPU.ActiveCfg = Debug|Any CPU
		{D85F8AB3-C0DA-40F6-9990-9ECEB9255C3D}.Debug|Any CPU.Build.0 = Debug|Any CPU
		{D85F8AB3-C0DA-40F6-9990-9ECEB9255C3D}.Release|Any CPU.ActiveCfg = Release|Any CPU
		{D85F8AB3-C0DA-40F6-9990-9ECEB9255C3D}.Release|Any CPU.Build.0 = Release|Any CPU
		{9E2F0D77-6806-4D61-9325-B552E4C85776}.Debug|Any CPU.ActiveCfg = Debug|Any CPU
		{9E2F0D77-6806-4D61-9325-B552E4C85776}.Debug|Any CPU.Build.0 = Debug|Any CPU
		{9E2F0D77-6806-4D61-9325-B552E4C85776}.Release|Any CPU.ActiveCfg = Release|Any CPU
		{9E2F0D77-6806-4D61-9325-B552E4C85776}.Release|Any CPU.Build.0 = Release|Any CPU
		{E2CFBDC5-4B15-4905-A987-469A70D97BB8}.Debug|Any CPU.ActiveCfg = Debug|Any CPU
		{E2CFBDC5-4B15-4905-A987-469A70D97BB8}.Debug|Any CPU.Build.0 = Debug|Any CPU
		{E2CFBDC5-4B15-4905-A987-469A70D97BB8}.Release|Any CPU.ActiveCfg = Release|Any CPU
		{E2CFBDC5-4B15-4905-A987-469A70D97BB8}.Release|Any CPU.Build.0 = Release|Any CPU
		{9E07CC1A-3437-45FE-ACC0-211BBF881A8A}.Debug|Any CPU.ActiveCfg = Debug|Any CPU
		{9E07CC1A-3437-45FE-ACC0-211BBF881A8A}.Debug|Any CPU.Build.0 = Debug|Any CPU
		{9E07CC1A-3437-45FE-ACC0-211BBF881A8A}.Release|Any CPU.ActiveCfg = Release|Any CPU
		{9E07CC1A-3437-45FE-ACC0-211BBF881A8A}.Release|Any CPU.Build.0 = Release|Any CPU
	EndGlobalSection
	GlobalSection(SolutionProperties) = preSolution
		HideSolutionNode = FALSE
	EndGlobalSection
	GlobalSection(NestedProjects) = preSolution
		{E2CFBDC5-4B15-4905-A987-469A70D97BB8} = {51D91511-60F5-45E9-A97D-0034873D1F8A}
		{9E07CC1A-3437-45FE-ACC0-211BBF881A8A} = {51D91511-60F5-45E9-A97D-0034873D1F8A}
	EndGlobalSection
	GlobalSection(ExtensibilityGlobals) = postSolution
		SolutionGuid = {2D07F927-2C76-4EE4-96DE-D84A20E8CF5A}
	EndGlobalSection
EndGlobal
